
Microsoft Visual Studio Solution File, Format Version 12.00
# Visual Studio Version 16
VisualStudioVersion = 16.0.29123.88
MinimumVisualStudioVersion = 10.0.40219.1
Project("{FAE04EC0-301F-11D3-BF4B-00C04F79EFBC}") = "ForThePeople", "ForThePeople\ForThePeople.csproj", "{7657D978-7ECB-4B88-A968-41AA9CA12DCB}"
EndProject
Global
	GlobalSection(SolutionConfigurationPlatforms) = preSolution
		Debug|Any CPU = Debug|Any CPU
		Release|Any CPU = Release|Any CPU
	EndGlobalSection
	GlobalSection(ProjectConfigurationPlatforms) = postSolution
		{7657D978-7ECB-4B88-A968-41AA9CA12DCB}.Debug|Any CPU.ActiveCfg = Debug|Any CPU
		{7657D978-7ECB-4B88-A968-41AA9CA12DCB}.Debug|Any CPU.Build.0 = Debug|Any CPU
		{7657D978-7ECB-4B88-A968-41AA9CA12DCB}.Release|Any CPU.ActiveCfg = Release|Any CPU
		{7657D978-7ECB-4B88-A968-41AA9CA12DCB}.Release|Any CPU.Build.0 = Release|Any CPU
	EndGlobalSection
	GlobalSection(SolutionProperties) = preSolution
		HideSolutionNode = FALSE
	EndGlobalSection
	GlobalSection(ExtensibilityGlobals) = postSolution
		SolutionGuid = {29C40085-5F3E-4F1A-923A-C7A33F1653EA}
	EndGlobalSection
EndGlobal
